
Microsoft Visual Studio Solution File, Format Version 12.00
# Visual Studio 15
VisualStudioVersion = 15.0.28010.2003
MinimumVisualStudioVersion = 10.0.40219.1
Project("{8BC9CEB8-8B4A-11D0-8D11-00A0C91BC942}") = "ch-1 q-3", "ch-1 q-3\ch-1 q-3.vcxproj", "{519B1DA7-562B-4CB8-B19B-D51A89F6AB80}"
EndProject
Global
	GlobalSection(SolutionConfigurationPlatforms) = preSolution
		Debug|x64 = Debug|x64
		Debug|x86 = Debug|x86
		Release|x64 = Release|x64
		Release|x86 = Release|x86
	EndGlobalSection
	GlobalSection(ProjectConfigurationPlatforms) = postSolution
		{519B1DA7-562B-4CB8-B19B-D51A89F6AB80}.Debug|x64.ActiveCfg = Debug|x64
		{519B1DA7-562B-4CB8-B19B-D51A89F6AB80}.Debug|x64.Build.0 = Debug|x64
		{519B1DA7-562B-4CB8-B19B-D51A89F6AB80}.Debug|x86.ActiveCfg = Debug|Win32
		{519B1DA7-562B-4CB8-B19B-D51A89F6AB80}.Debug|x86.Build.0 = Debug|Win32
		{519B1DA7-562B-4CB8-B19B-D51A89F6AB80}.Release|x64.ActiveCfg = Release|x64
		{519B1DA7-562B-4CB8-B19B-D51A89F6AB80}.Release|x64.Build.0 = Release|x64
		{519B1DA7-562B-4CB8-B19B-D51A89F6AB80}.Release|x86.ActiveCfg = Release|Win32
		{519B1DA7-562B-4CB8-B19B-D51A89F6AB80}.Release|x86.Build.0 = Release|Win32
	EndGlobalSection
	GlobalSection(SolutionProperties) = preSolution
		HideSolutionNode = FALSE
	EndGlobalSection
	GlobalSection(ExtensibilityGlobals) = postSolution
		SolutionGuid = {76536EAD-3143-4F19-BFBD-8C2A636E2517}
	EndGlobalSection
EndGlobal
