
Microsoft Visual Studio Solution File, Format Version 12.00
# Visual Studio 15
VisualStudioVersion = 15.0.28010.2003
MinimumVisualStudioVersion = 10.0.40219.1
Project("{8BC9CEB8-8B4A-11D0-8D11-00A0C91BC942}") = "ch-1 q-5", "ch-1 q-5\ch-1 q-5.vcxproj", "{26381665-D0D4-411E-BF8B-E0B407C85AD2}"
EndProject
Global
	GlobalSection(SolutionConfigurationPlatforms) = preSolution
		Debug|x64 = Debug|x64
		Debug|x86 = Debug|x86
		Release|x64 = Release|x64
		Release|x86 = Release|x86
	EndGlobalSection
	GlobalSection(ProjectConfigurationPlatforms) = postSolution
		{26381665-D0D4-411E-BF8B-E0B407C85AD2}.Debug|x64.ActiveCfg = Debug|x64
		{26381665-D0D4-411E-BF8B-E0B407C85AD2}.Debug|x64.Build.0 = Debug|x64
		{26381665-D0D4-411E-BF8B-E0B407C85AD2}.Debug|x86.ActiveCfg = Debug|Win32
		{26381665-D0D4-411E-BF8B-E0B407C85AD2}.Debug|x86.Build.0 = Debug|Win32
		{26381665-D0D4-411E-BF8B-E0B407C85AD2}.Release|x64.ActiveCfg = Release|x64
		{26381665-D0D4-411E-BF8B-E0B407C85AD2}.Release|x64.Build.0 = Release|x64
		{26381665-D0D4-411E-BF8B-E0B407C85AD2}.Release|x86.ActiveCfg = Release|Win32
		{26381665-D0D4-411E-BF8B-E0B407C85AD2}.Release|x86.Build.0 = Release|Win32
	EndGlobalSection
	GlobalSection(SolutionProperties) = preSolution
		HideSolutionNode = FALSE
	EndGlobalSection
	GlobalSection(ExtensibilityGlobals) = postSolution
		SolutionGuid = {4485E6EA-1C3E-493B-A90B-C90B5F896595}
	EndGlobalSection
EndGlobal
