
Microsoft Visual Studio Solution File, Format Version 12.00
# Visual Studio 15
VisualStudioVersion = 15.0.28010.2026
MinimumVisualStudioVersion = 10.0.40219.1
Project("{FAE04EC0-301F-11D3-BF4B-00C04F79EFBC}") = "ch-5 question.Android", "ch-5 question\ch-5 question.Android\ch-5 question.Android.csproj", "{96FD9086-2D07-43A4-B534-04FF9A784D98}"
EndProject
Project("{FAE04EC0-301F-11D3-BF4B-00C04F79EFBC}") = "ch-5 question.iOS", "ch-5 question\ch-5 question.iOS\ch-5 question.iOS.csproj", "{B1D4B64C-0AAF-4907-A9A8-177A0A75CA49}"
EndProject
Project("{FAE04EC0-301F-11D3-BF4B-00C04F79EFBC}") = "ch-5 question", "ch-5 question\ch-5 question\ch-5 question.csproj", "{B4B8CE12-0FCD-4D6D-8102-E13E7C5814D9}"
EndProject
Global
	GlobalSection(SolutionConfigurationPlatforms) = preSolution
		Ad-Hoc|Any CPU = Ad-Hoc|Any CPU
		Ad-Hoc|iPhone = Ad-Hoc|iPhone
		Ad-Hoc|iPhoneSimulator = Ad-Hoc|iPhoneSimulator
		AppStore|Any CPU = AppStore|Any CPU
		AppStore|iPhone = AppStore|iPhone
		AppStore|iPhoneSimulator = AppStore|iPhoneSimulator
		Debug|Any CPU = Debug|Any CPU
		Debug|iPhone = Debug|iPhone
		Debug|iPhoneSimulator = Debug|iPhoneSimulator
		Release|Any CPU = Release|Any CPU
		Release|iPhone = Release|iPhone
		Release|iPhoneSimulator = Release|iPhoneSimulator
	EndGlobalSection
	GlobalSection(ProjectConfigurationPlatforms) = postSolution
		{96FD9086-2D07-43A4-B534-04FF9A784D98}.Ad-Hoc|Any CPU.ActiveCfg = Release|Any CPU
		{96FD9086-2D07-43A4-B534-04FF9A784D98}.Ad-Hoc|Any CPU.Build.0 = Release|Any CPU
		{96FD9086-2D07-43A4-B534-04FF9A784D98}.Ad-Hoc|Any CPU.Deploy.0 = Release|Any CPU
		{96FD9086-2D07-43A4-B534-04FF9A784D98}.Ad-Hoc|iPhone.ActiveCfg = Release|Any CPU
		{96FD9086-2D07-43A4-B534-04FF9A784D98}.Ad-Hoc|iPhone.Build.0 = Release|Any CPU
		{96FD9086-2D07-43A4-B534-04FF9A784D98}.Ad-Hoc|iPhone.Deploy.0 = Release|Any CPU
		{96FD9086-2D07-43A4-B534-04FF9A784D98}.Ad-Hoc|iPhoneSimulator.ActiveCfg = Release|Any CPU
		{96FD9086-2D07-43A4-B534-04FF9A784D98}.Ad-Hoc|iPhoneSimulator.Build.0 = Release|Any CPU
		{96FD9086-2D07-43A4-B534-04FF9A784D98}.Ad-Hoc|iPhoneSimulator.Deploy.0 = Release|Any CPU
		{96FD9086-2D07-43A4-B534-04FF9A784D98}.AppStore|Any CPU.ActiveCfg = Release|Any CPU
		{96FD9086-2D07-43A4-B534-04FF9A784D98}.AppStore|Any CPU.Build.0 = Release|Any CPU
		{96FD9086-2D07-43A4-B534-04FF9A784D98}.AppStore|Any CPU.Deploy.0 = Release|Any CPU
		{96FD9086-2D07-43A4-B534-04FF9A784D98}.AppStore|iPhone.ActiveCfg = Release|Any CPU
		{96FD9086-2D07-43A4-B534-04FF9A784D98}.AppStore|iPhone.Build.0 = Release|Any CPU
		{96FD9086-2D07-43A4-B534-04FF9A784D98}.AppStore|iPhone.Deploy.0 = Release|Any CPU
		{96FD9086-2D07-43A4-B534-04FF9A784D98}.AppStore|iPhoneSimulator.ActiveCfg = Release|Any CPU
		{96FD9086-2D07-43A4-B534-04FF9A784D98}.AppStore|iPhoneSimulator.Build.0 = Release|Any CPU
		{96FD9086-2D07-43A4-B534-04FF9A784D98}.AppStore|iPhoneSimulator.Deploy.0 = Release|Any CPU
		{96FD9086-2D07-43A4-B534-04FF9A784D98}.Debug|Any CPU.ActiveCfg = Debug|Any CPU
		{96FD9086-2D07-43A4-B534-04FF9A784D98}.Debug|Any CPU.Build.0 = Debug|Any CPU
		{96FD9086-2D07-43A4-B534-04FF9A784D98}.Debug|Any CPU.Deploy.0 = Debug|Any CPU
		{96FD9086-2D07-43A4-B534-04FF9A784D98}.Debug|iPhone.ActiveCfg = Debug|Any CPU
		{96FD9086-2D07-43A4-B534-04FF9A784D98}.Debug|iPhone.Build.0 = Debug|Any CPU
		{96FD9086-2D07-43A4-B534-04FF9A784D98}.Debug|iPhone.Deploy.0 = Debug|Any CPU
		{96FD9086-2D07-43A4-B534-04FF9A784D98}.Debug|iPhoneSimulator.ActiveCfg = Debug|Any CPU
		{96FD9086-2D07-43A4-B534-04FF9A784D98}.Debug|iPhoneSimulator.Build.0 = Debug|Any CPU
		{96FD9086-2D07-43A4-B534-04FF9A784D98}.Debug|iPhoneSimulator.Deploy.0 = Debug|Any CPU
		{96FD9086-2D07-43A4-B534-04FF9A784D98}.Release|Any CPU.ActiveCfg = Release|Any CPU
		{96FD9086-2D07-43A4-B534-04FF9A784D98}.Release|Any CPU.Build.0 = Release|Any CPU
		{96FD9086-2D07-43A4-B534-04FF9A784D98}.Release|Any CPU.Deploy.0 = Release|Any CPU
		{96FD9086-2D07-43A4-B534-04FF9A784D98}.Release|iPhone.ActiveCfg = Release|Any CPU
		{96FD9086-2D07-43A4-B534-04FF9A784D98}.Release|iPhone.Build.0 = Release|Any CPU
		{96FD9086-2D07-43A4-B534-04FF9A784D98}.Release|iPhone.Deploy.0 = Release|Any CPU
		{96FD9086-2D07-43A4-B534-04FF9A784D98}.Release|iPhoneSimulator.ActiveCfg = Release|Any CPU
		{96FD9086-2D07-43A4-B534-04FF9A784D98}.Release|iPhoneSimulator.Build.0 = Release|Any CPU
		{96FD9086-2D07-43A4-B534-04FF9A784D98}.Release|iPhoneSimulator.Deploy.0 = Release|Any CPU
		{B1D4B64C-0AAF-4907-A9A8-177A0A75CA49}.Ad-Hoc|Any CPU.ActiveCfg = Ad-Hoc|iPhone
		{B1D4B64C-0AAF-4907-A9A8-177A0A75CA49}.Ad-Hoc|Any CPU.Build.0 = Ad-Hoc|iPhone
		{B1D4B64C-0AAF-4907-A9A8-177A0A75CA49}.Ad-Hoc|Any CPU.Deploy.0 = Ad-Hoc|iPhone
		{B1D4B64C-0AAF-4907-A9A8-177A0A75CA49}.Ad-Hoc|iPhone.ActiveCfg = Ad-Hoc|iPhone
		{B1D4B64C-0AAF-4907-A9A8-177A0A75CA49}.Ad-Hoc|iPhone.Build.0 = Ad-Hoc|iPhone
		{B1D4B64C-0AAF-4907-A9A8-177A0A75CA49}.Ad-Hoc|iPhone.Deploy.0 = Ad-Hoc|iPhone
		{B1D4B64C-0AAF-4907-A9A8-177A0A75CA49}.Ad-Hoc|iPhoneSimulator.ActiveCfg = Ad-Hoc|iPhoneSimulator
		{B1D4B64C-0AAF-4907-A9A8-177A0A75CA49}.Ad-Hoc|iPhoneSimulator.Build.0 = Ad-Hoc|iPhoneSimulator
		{B1D4B64C-0AAF-4907-A9A8-177A0A75CA49}.Ad-Hoc|iPhoneSimulator.Deploy.0 = Ad-Hoc|iPhoneSimulator
		{B1D4B64C-0AAF-4907-A9A8-177A0A75CA49}.AppStore|Any CPU.ActiveCfg = AppStore|iPhone
		{B1D4B64C-0AAF-4907-A9A8-177A0A75CA49}.AppStore|Any CPU.Build.0 = AppStore|iPhone
		{B1D4B64C-0AAF-4907-A9A8-177A0A75CA49}.AppStore|Any CPU.Deploy.0 = AppStore|iPhone
		{B1D4B64C-0AAF-4907-A9A8-177A0A75CA49}.AppStore|iPhone.ActiveCfg = AppStore|iPhone
		{B1D4B64C-0AAF-4907-A9A8-177A0A75CA49}.AppStore|iPhone.Build.0 = AppStore|iPhone
		{B1D4B64C-0AAF-4907-A9A8-177A0A75CA49}.AppStore|iPhone.Deploy.0 = AppStore|iPhone
		{B1D4B64C-0AAF-4907-A9A8-177A0A75CA49}.AppStore|iPhoneSimulator.ActiveCfg = AppStore|iPhoneSimulator
		{B1D4B64C-0AAF-4907-A9A8-177A0A75CA49}.AppStore|iPhoneSimulator.Build.0 = AppStore|iPhoneSimulator
		{B1D4B64C-0AAF-4907-A9A8-177A0A75CA49}.AppStore|iPhoneSimulator.Deploy.0 = AppStore|iPhoneSimulator
		{B1D4B64C-0AAF-4907-A9A8-177A0A75CA49}.Debug|Any CPU.ActiveCfg = Debug|iPhoneSimulator
		{B1D4B64C-0AAF-4907-A9A8-177A0A75CA49}.Debug|Any CPU.Build.0 = Debug|iPhoneSimulator
		{B1D4B64C-0AAF-4907-A9A8-177A0A75CA49}.Debug|Any CPU.Deploy.0 = Debug|iPhoneSimulator
		{B1D4B64C-0AAF-4907-A9A8-177A0A75CA49}.Debug|iPhone.ActiveCfg = Debug|iPhone
		{B1D4B64C-0AAF-4907-A9A8-177A0A75CA49}.Debug|iPhone.Build.0 = Debug|iPhone
		{B1D4B64C-0AAF-4907-A9A8-177A0A75CA49}.Debug|iPhone.Deploy.0 = Debug|iPhone
		{B1D4B64C-0AAF-4907-A9A8-177A0A75CA49}.Debug|iPhoneSimulator.ActiveCfg = Debug|iPhoneSimulator
		{B1D4B64C-0AAF-4907-A9A8-177A0A75CA49}.Debug|iPhoneSimulator.Build.0 = Debug|iPhoneSimulator
		{B1D4B64C-0AAF-4907-A9A8-177A0A75CA49}.Debug|iPhoneSimulator.Deploy.0 = Debug|iPhoneSimulator
		{B1D4B64C-0AAF-4907-A9A8-177A0A75CA49}.Release|Any CPU.ActiveCfg = Release|iPhone
		{B1D4B64C-0AAF-4907-A9A8-177A0A75CA49}.Release|Any CPU.Build.0 = Release|iPhone
		{B1D4B64C-0AAF-4907-A9A8-177A0A75CA49}.Release|Any CPU.Deploy.0 = Release|iPhone
		{B1D4B64C-0AAF-4907-A9A8-177A0A75CA49}.Release|iPhone.ActiveCfg = Release|iPhone
		{B1D4B64C-0AAF-4907-A9A8-177A0A75CA49}.Release|iPhone.Build.0 = Release|iPhone
		{B1D4B64C-0AAF-4907-A9A8-177A0A75CA49}.Release|iPhone.Deploy.0 = Release|iPhone
		{B1D4B64C-0AAF-4907-A9A8-177A0A75CA49}.Release|iPhoneSimulator.ActiveCfg = Release|iPhoneSimulator
		{B1D4B64C-0AAF-4907-A9A8-177A0A75CA49}.Release|iPhoneSimulator.Build.0 = Release|iPhoneSimulator
		{B1D4B64C-0AAF-4907-A9A8-177A0A75CA49}.Release|iPhoneSimulator.Deploy.0 = Release|iPhoneSimulator
		{B4B8CE12-0FCD-4D6D-8102-E13E7C5814D9}.Ad-Hoc|Any CPU.ActiveCfg = Debug|Any CPU
		{B4B8CE12-0FCD-4D6D-8102-E13E7C5814D9}.Ad-Hoc|Any CPU.Build.0 = Debug|Any CPU
		{B4B8CE12-0FCD-4D6D-8102-E13E7C5814D9}.Ad-Hoc|Any CPU.Deploy.0 = Debug|Any CPU
		{B4B8CE12-0FCD-4D6D-8102-E13E7C5814D9}.Ad-Hoc|iPhone.ActiveCfg = Debug|Any CPU
		{B4B8CE12-0FCD-4D6D-8102-E13E7C5814D9}.Ad-Hoc|iPhone.Build.0 = Debug|Any CPU
		{B4B8CE12-0FCD-4D6D-8102-E13E7C5814D9}.Ad-Hoc|iPhone.Deploy.0 = Debug|Any CPU
		{B4B8CE12-0FCD-4D6D-8102-E13E7C5814D9}.Ad-Hoc|iPhoneSimulator.ActiveCfg = Debug|Any CPU
		{B4B8CE12-0FCD-4D6D-8102-E13E7C5814D9}.Ad-Hoc|iPhoneSimulator.Build.0 = Debug|Any CPU
		{B4B8CE12-0FCD-4D6D-8102-E13E7C5814D9}.Ad-Hoc|iPhoneSimulator.Deploy.0 = Debug|Any CPU
		{B4B8CE12-0FCD-4D6D-8102-E13E7C5814D9}.AppStore|Any CPU.ActiveCfg = Debug|Any CPU
		{B4B8CE12-0FCD-4D6D-8102-E13E7C5814D9}.AppStore|Any CPU.Build.0 = Debug|Any CPU
		{B4B8CE12-0FCD-4D6D-8102-E13E7C5814D9}.AppStore|Any CPU.Deploy.0 = Debug|Any CPU
		{B4B8CE12-0FCD-4D6D-8102-E13E7C5814D9}.AppStore|iPhone.ActiveCfg = Debug|Any CPU
		{B4B8CE12-0FCD-4D6D-8102-E13E7C5814D9}.AppStore|iPhone.Build.0 = Debug|Any CPU
		{B4B8CE12-0FCD-4D6D-8102-E13E7C5814D9}.AppStore|iPhone.Deploy.0 = Debug|Any CPU
		{B4B8CE12-0FCD-4D6D-8102-E13E7C5814D9}.AppStore|iPhoneSimulator.ActiveCfg = Debug|Any CPU
		{B4B8CE12-0FCD-4D6D-8102-E13E7C5814D9}.AppStore|iPhoneSimulator.Build.0 = Debug|Any CPU
		{B4B8CE12-0FCD-4D6D-8102-E13E7C5814D9}.AppStore|iPhoneSimulator.Deploy.0 = Debug|Any CPU
		{B4B8CE12-0FCD-4D6D-8102-E13E7C5814D9}.Debug|Any CPU.ActiveCfg = Debug|Any CPU
		{B4B8CE12-0FCD-4D6D-8102-E13E7C5814D9}.Debug|Any CPU.Build.0 = Debug|Any CPU
		{B4B8CE12-0FCD-4D6D-8102-E13E7C5814D9}.Debug|Any CPU.Deploy.0 = Debug|Any CPU
		{B4B8CE12-0FCD-4D6D-8102-E13E7C5814D9}.Debug|iPhone.ActiveCfg = Debug|Any CPU
		{B4B8CE12-0FCD-4D6D-8102-E13E7C5814D9}.Debug|iPhone.Build.0 = Debug|Any CPU
		{B4B8CE12-0FCD-4D6D-8102-E13E7C5814D9}.Debug|iPhone.Deploy.0 = Debug|Any CPU
		{B4B8CE12-0FCD-4D6D-8102-E13E7C5814D9}.Debug|iPhoneSimulator.ActiveCfg = Debug|Any CPU
		{B4B8CE12-0FCD-4D6D-8102-E13E7C5814D9}.Debug|iPhoneSimulator.Build.0 = Debug|Any CPU
		{B4B8CE12-0FCD-4D6D-8102-E13E7C5814D9}.Debug|iPhoneSimulator.Deploy.0 = Debug|Any CPU
		{B4B8CE12-0FCD-4D6D-8102-E13E7C5814D9}.Release|Any CPU.ActiveCfg = Release|Any CPU
		{B4B8CE12-0FCD-4D6D-8102-E13E7C5814D9}.Release|Any CPU.Build.0 = Release|Any CPU
		{B4B8CE12-0FCD-4D6D-8102-E13E7C5814D9}.Release|Any CPU.Deploy.0 = Release|Any CPU
		{B4B8CE12-0FCD-4D6D-8102-E13E7C5814D9}.Release|iPhone.ActiveCfg = Release|Any CPU
		{B4B8CE12-0FCD-4D6D-8102-E13E7C5814D9}.Release|iPhone.Build.0 = Release|Any CPU
		{B4B8CE12-0FCD-4D6D-8102-E13E7C5814D9}.Release|iPhone.Deploy.0 = Release|Any CPU
		{B4B8CE12-0FCD-4D6D-8102-E13E7C5814D9}.Release|iPhoneSimulator.ActiveCfg = Release|Any CPU
		{B4B8CE12-0FCD-4D6D-8102-E13E7C5814D9}.Release|iPhoneSimulator.Build.0 = Release|Any CPU
		{B4B8CE12-0FCD-4D6D-8102-E13E7C5814D9}.Release|iPhoneSimulator.Deploy.0 = Release|Any CPU
	EndGlobalSection
	GlobalSection(SolutionProperties) = preSolution
		HideSolutionNode = FALSE
	EndGlobalSection
	GlobalSection(ExtensibilityGlobals) = postSolution
		SolutionGuid = {B793D088-9C7B-410D-AFF5-AA998A544FED}
	EndGlobalSection
EndGlobal
